// !$*UTF8*$!
{
	archiveVersion = 1;
	classes = {
	};
	objectVersion = 46;
	objects = {

/* Begin PBXBuildFile section */
		2A06CFF01C7B614E005CC571 /* AppDelegate.swift in Sources */ = {isa = PBXBuildFile; fileRef = 2A06CFEF1C7B614E005CC571 /* AppDelegate.swift */; };
		2A06CFF21C7B614E005CC571 /* ViewController.swift in Sources */ = {isa = PBXBuildFile; fileRef = 2A06CFF11C7B614E005CC571 /* ViewController.swift */; };
		2A06CFF51C7B614E005CC571 /* Main.storyboard in Resources */ = {isa = PBXBuildFile; fileRef = 2A06CFF31C7B614E005CC571 /* Main.storyboard */; };
		2A06CFF71C7B614E005CC571 /* Assets.xcassets in Resources */ = {isa = PBXBuildFile; fileRef = 2A06CFF61C7B614E005CC571 /* Assets.xcassets */; };
/* End PBXBuildFile section */

/* Begin PBXFileReference section */
		2A06CFEC1C7B614E005CC571 /* New Project.app */ = {isa = PBXFileReference; explicitFileType = wrapper.application; includeInIndex = 0; path = "New Project.app"; sourceTree = BUILT_PRODUCTS_DIR; };
		2A06CFEF1C7B614E005CC571 /* AppDelegate.swift */ = {isa = PBXFileReference; lastKnownFileType = sourcecode.swift; path = AppDelegate.swift; sourceTree = "<group>"; };
		2A06CFF11C7B614E005CC571 /* ViewController.swift */ = {isa = PBXFileReference; lastKnownFileType = sourcecode.swift; path = ViewController.swift; sourceTree = "<group>"; };
		2A06CFF41C7B614E005CC571 /* Base */ = {isa = PBXFileReference; lastKnownFileType = file.storyboard; name = Base; path = Base.lproj/Main.storyboard; sourceTree = "<group>"; };
		2A06CFF61C7B614E005CC571 /* Assets.xcassets */ = {isa = PBXFileReference; lastKnownFileType = folder.assetcatalog; path = Assets.xcassets; sourceTree = "<group>"; };
		2A06CFF81C7B614E005CC571 /* Info.plist */ = {isa = PBXFileReference; lastKnownFileType = text.plist.xml; path = Info.plist; sourceTree = "<group>"; };
/* End PBXFileReference section */

/* Begin PBXFrameworksBuildPhase section */
		2A06CFE91C7B614E005CC571 /* Frameworks */ = {
			isa = PBXFrameworksBuildPhase;
			buildActionMask = 2147483647;
			files = (
			);
			runOnlyForDeploymentPostprocessing = 0;
		};
/* End PBXFrameworksBuildPhase section */

/* Begin PBXGroup section */
		2A06CFE31C7B614E005CC571 = {
			isa = PBXGroup;
			children = (
				2A06CFEE1C7B614E005CC571 /* New Project */,
				2A06CFED1C7B614E005CC571 /* Products */,
			);
			sourceTree = "<group>";
		};
		2A06CFED1C7B614E005CC571 /* Products */ = {
			isa = PBXGroup;
			children = (
				2A06CFEC1C7B614E005CC571 /* New Project.app */,
			);
			name = Products;
			sourceTree = "<group>";
		};
		2A06CFEE1C7B614E005CC571 /* New Project */ = {
			isa = PBXGroup;
			children = (
				2A06CFEF1C7B614E005CC571 /* AppDelegate.swift */,
				2A06CFF11C7B614E005CC571 /* ViewController.swift */,
				2A06CFF31C7B614E005CC571 /* Main.storyboard */,
				2A06CFF61C7B614E005CC571 /* Assets.xcassets */,
				2A06CFF81C7B614E005CC571 /* Info.plist */,
			);
			path = "New Project";
			sourceTree = "<group>";
		};
/* End PBXGroup section */

/* Begin PBXNativeTarget section */
		2A06CFEB1C7B614E005CC571 /* New Project */ = {
			isa = PBXNativeTarget;
			buildConfigurationList = 2A06CFFB1C7B614E005CC571 /* Build configuration list for PBXNativeTarget "New Project" */;
			buildPhases = (
				2A06CFE81C7B614E005CC571 /* Sources */,
				2A06CFE91C7B614E005CC571 /* Frameworks */,
				2A06CFEA1C7B614E005CC571 /* Resources */,
			);
			buildRules = (
			);
			dependencies = (
			);
			name = "New Project";
			productName = "New Project";
			productReference = 2A06CFEC1C7B614E005CC571 /* New Project.app */;
			productType = "com.apple.product-type.application";
		};
/* End PBXNativeTarget section */

/* Begin PBXProject section */
		2A06CFE41C7B614E005CC571 /* Project object */ = {
			isa = PBXProject;
			attributes = {
				LastSwiftUpdateCheck = 0720;
				LastUpgradeCheck = 0720;
				ORGANIZATIONNAME = "Thomas Road Baptist Church";
				TargetAttributes = {
					2A06CFEB1C7B614E005CC571 = {
						CreatedOnToolsVersion = 7.2.1;
					};
				};
			};
			buildConfigurationList = 2A06CFE71C7B614E005CC571 /* Build configuration list for PBXProject "New Project" */;
			compatibilityVersion = "Xcode 3.2";
			developmentRegion = English;
			hasScannedForEncodings = 0;
			knownRegions = (
				en,
				Base,
			);
			mainGroup = 2A06CFE31C7B614E005CC571;
			productRefGroup = 2A06CFED1C7B614E005CC571 /* Products */;
			projectDirPath = "";
			projectRoot = "";
			targets = (
				2A06CFEB1C7B614E005CC571 /* New Project */,
			);
		};
/* End PBXProject section */

/* Begin PBXResourcesBuildPhase section */
		2A06CFEA1C7B614E005CC571 /* Resources */ = {
			isa = PBXResourcesBuildPhase;
			buildActionMask = 2147483647;
			files = (
				2A06CFF71C7B614E005CC571 /* Assets.xcassets in Resources */,
				2A06CFF51C7B614E005CC571 /* Main.storyboard in Resources */,
			);
			runOnlyForDeploymentPostprocessing = 0;
		};
/* End PBXResourcesBuildPhase section */

/* Begin PBXSourcesBuildPhase section */
		2A06CFE81C7B614E005CC571 /* Sources */ = {
			isa = PBXSourcesBuildPhase;
			buildActionMask = 2147483647;
			files = (
				2A06CFF21C7B614E005CC571 /* ViewController.swift in Sources */,
				2A06CFF01C7B614E005CC571 /* AppDelegate.swift in Sources */,
			);
			runOnlyForDeploymentPostprocessing = 0;
		};
/* End PBXSourcesBuildPhase section */

/* Begin PBXVariantGroup section */
		2A06CFF31C7B614E005CC571 /* Main.storyboard */ = {
			isa = PBXVariantGroup;
			children = (
				2A06CFF41C7B614E005CC571 /* Base */,
			);
			name = Main.storyboard;
			sourceTree = "<group>";
		};
/* End PBXVariantGroup section */

/* Begin XCBuildConfiguration section */
		2A06CFF91C7B614E005CC571 /* Debug */ = {
			isa = XCBuildConfiguration;
			buildSettings = {
				ALWAYS_SEARCH_USER_PATHS = NO;
				CLANG_CXX_LANGUAGE_STANDARD = "gnu++0x";
				CLANG_CXX_LIBRARY = "libc++";
				CLANG_ENABLE_MODULES = YES;
				CLANG_ENABLE_OBJC_ARC = YES;
				CLANG_WARN_BOOL_CONVERSION = YES;
				CLANG_WARN_CONSTANT_CONVERSION = YES;
				CLANG_WARN_DIRECT_OBJC_ISA_USAGE = YES_ERROR;
				CLANG_WARN_EMPTY_BODY = YES;
				CLANG_WARN_ENUM_CONVERSION = YES;
				CLANG_WARN_INT_CONVERSION = YES;
				CLANG_WARN_OBJC_ROOT_CLASS = YES_ERROR;
				CLANG_WARN_UNREACHABLE_CODE = YES;
				CLANG_WARN__DUPLICATE_METHOD_MATCH = YES;
				COPY_PHASE_STRIP = NO;
				DEBUG_INFORMATION_FORMAT = dwarf;
				ENABLE_STRICT_OBJC_MSGSEND = YES;
				ENABLE_TESTABILITY = YES;
				GCC_C_LANGUAGE_STANDARD = gnu99;
				GCC_DYNAMIC_NO_PIC = NO;
				GCC_NO_COMMON_BLOCKS = YES;
				GCC_OPTIMIZATION_LEVEL = 0;
				GCC_PREPROCESSOR_DEFINITIONS = (
					"DEBUG=1",
					"$(inherited)",
				);
				GCC_WARN_64_TO_32_BIT_CONVERSION = YES;
				GCC_WARN_ABOUT_RETURN_TYPE = YES_ERROR;
				GCC_WARN_UNDECLARED_SELECTOR = YES;
				GCC_WARN_UNINITIALIZED_AUTOS = YES_AGGRESSIVE;
				GCC_WARN_UNUSED_FUNCTION = YES;
				GCC_WARN_UNUSED_VARIABLE = YES;
				MTL_ENABLE_DEBUG_INFO = YES;
				ONLY_ACTIVE_ARCH = YES;
				SDKROOT = appletvos;
				SWIFT_OPTIMIZATION_LEVEL = "-Onone";
				TARGETED_DEVICE_FAMILY = 3;
				TVOS_DEPLOYMENT_TARGET = 9.1;
			};
			name = Debug;
		};
		2A06CFFA1C7B614E005CC571 /* Release */ = {
			isa = XCBuildConfiguration;
			buildSettings = {
				ALWAYS_SEARCH_USER_PATHS = NO;
				CLANG_CXX_LANGUAGE_STANDARD = "gnu++0x";
				CLANG_CXX_LIBRARY = "libc++";
				CLANG_ENABLE_MODULES = YES;
				CLANG_ENABLE_OBJC_ARC = YES;
				CLANG_WARN_BOOL_CONVERSION = YES;
				CLANG_WARN_CONSTANT_CONVERSION = YES;
				CLANG_WARN_DIRECT_OBJC_ISA_USAGE = YES_ERROR;
				CLANG_WARN_EMPTY_BODY = YES;
				CLANG_WARN_ENUM_CONVERSION = YES;
				CLANG_WARN_INT_CONVERSION = YES;
				CLANG_WARN_OBJC_ROOT_CLASS = YES_ERROR;
				CLANG_WARN_UNREACHABLE_CODE = YES;
				CLANG_WARN__DUPLICATE_METHOD_MATCH = YES;
				COPY_PHASE_STRIP = NO;
				DEBUG_INFORMATION_FORMAT = "dwarf-with-dsym";
				ENABLE_NS_ASSERTIONS = NO;
				ENABLE_STRICT_OBJC_MSGSEND = YES;
				GCC_C_LANGUAGE_STANDARD = gnu99;
				GCC_NO_COMMON_BLOCKS = YES;
				GCC_WARN_64_TO_32_BIT_CONVERSION = YES;
				GCC_WARN_ABOUT_RETURN_TYPE = YES_ERROR;
				GCC_WARN_UNDECLARED_SELECTOR = YES;
				GCC_WARN_UNINITIALIZED_AUTOS = YES_AGGRESSIVE;
				GCC_WARN_UNUSED_FUNCTION = YES;
				GCC_WARN_UNUSED_VARIABLE = YES;
				MTL_ENABLE_DEBUG_INFO = NO;
				SDKROOT = appletvos;
				TARGETED_DEVICE_FAMILY = 3;
				TVOS_DEPLOYMENT_TARGET = 9.1;
				VALIDATE_PRODUCT = YES;
			};
			name = Release;
		};
		2A06CFFC1C7B614E005CC571 /* Debug */ = {
			isa = XCBuildConfiguration;
			buildSettings = {
				ASSETCATALOG_COMPILER_APPICON_NAME = "App Icon & Top Shelf Image";
				ASSETCATALOG_COMPILER_LAUNCHIMAGE_NAME = LaunchImage;
				INFOPLIST_FILE = "New Project/Info.plist";
				LD_RUNPATH_SEARCH_PATHS = "$(inherited) @executable_path/Frameworks";
				PRODUCT_BUNDLE_IDENTIFIER = "com.appcoda.New-Project";
				PRODUCT_NAME = "$(TARGET_NAME)";
			};
			name = Debug;
		};
		2A06CFFD1C7B614E005CC571 /* Release */ = {
			isa = XCBuildConfiguration;
			buildSettings = {
				ASSETCATALOG_COMPILER_APPICON_NAME = "App Icon & Top Shelf Image";
				ASSETCATALOG_COMPILER_LAUNCHIMAGE_NAME = LaunchImage;
				INFOPLIST_FILE = "New Project/Info.plist";
				LD_RUNPATH_SEARCH_PATHS = "$(inherited) @executable_path/Frameworks";
				PRODUCT_BUNDLE_IDENTIFIER = "com.appcoda.New-Project";
				PRODUCT_NAME = "$(TARGET_NAME)";
			};
			name = Release;
		};
/* End XCBuildConfiguration section */

/* Begin XCConfigurationList section */
		2A06CFE71C7B614E005CC571 /* Build configuration list for PBXProject "New Project" */ = {
			isa = XCConfigurationList;
			buildConfigurations = (
				2A06CFF91C7B614E005CC571 /* Debug */,
				2A06CFFA1C7B614E005CC571 /* Release */,
			);
			defaultConfigurationIsVisible = 0;
			defaultConfigurationName = Release;
		};
		2A06CFFB1C7B614E005CC571 /* Build configuration list for PBXNativeTarget "New Project" */ = {
			isa = XCConfigurationList;
			buildConfigurations = (
				2A06CFFC1C7B614E005CC571 /* Debug */,
				2A06CFFD1C7B614E005CC571 /* Release */,
			);
			defaultConfigurationIsVisible = 0;
		};
/* End XCConfigurationList section */
	};
	rootObject = 2A06CFE41C7B614E005CC571 /* Project object */;
}
